
Microsoft Visual Studio Solution File, Format Version 12.00
# Visual Studio Version 17
VisualStudioVersion = 17.9.34723.18
MinimumVisualStudioVersion = 10.0.40219.1
Project("{FAE04EC0-301F-11D3-BF4B-00C04F79EFBC}") = "MvcMovie", "MvcMovie.csproj", "{6B44AB61-2D35-49A8-85CE-B595B93BF0B9}"
EndProject
Global
	GlobalSection(SolutionConfigurationPlatforms) = preSolution
		Debug|Any CPU = Debug|Any CPU
		Release|Any CPU = Release|Any CPU
	EndGlobalSection
	GlobalSection(ProjectConfigurationPlatforms) = postSolution
		{6B44AB61-2D35-49A8-85CE-B595B93BF0B9}.Debug|Any CPU.ActiveCfg = Debug|Any CPU
		{6B44AB61-2D35-49A8-85CE-B595B93BF0B9}.Debug|Any CPU.Build.0 = Debug|Any CPU
		{6B44AB61-2D35-49A8-85CE-B595B93BF0B9}.Release|Any CPU.ActiveCfg = Release|Any CPU
		{6B44AB61-2D35-49A8-85CE-B595B93BF0B9}.Release|Any CPU.Build.0 = Release|Any CPU
	EndGlobalSection
	GlobalSection(SolutionProperties) = preSolution
		HideSolutionNode = FALSE
	EndGlobalSection
	GlobalSection(ExtensibilityGlobals) = postSolution
		SolutionGuid = {01FAFF8F-281D-44CA-ADC8-9A2CFACE6B06}
	EndGlobalSection
EndGlobal
